// !$*UTF8*$!
{
	archiveVersion = 1;
	classes = {
	};
	objectVersion = 46;
	objects = {

/* Begin PBXBuildFile section */
		0DD130581C30D9AF0014AEB6 /* main.m in Sources */ = {isa = PBXBuildFile; fileRef = 0DD130571C30D9AF0014AEB6 /* main.m */; };
		0DD1305B1C30D9AF0014AEB6 /* AppDelegate.m in Sources */ = {isa = PBXBuildFile; fileRef = 0DD1305A1C30D9AF0014AEB6 /* AppDelegate.m */; };
		0DD1305E1C30D9AF0014AEB6 /* ViewController.m in Sources */ = {isa = PBXBuildFile; fileRef = 0DD1305D1C30D9AF0014AEB6 /* ViewController.m */; };
		0DD130611C30D9AF0014AEB6 /* Main.storyboard in Resources */ = {isa = PBXBuildFile; fileRef = 0DD1305F1C30D9AF0014AEB6 /* Main.storyboard */; };
		0DD130631C30D9AF0014AEB6 /* Assets.xcassets in Resources */ = {isa = PBXBuildFile; fileRef = 0DD130621C30D9AF0014AEB6 /* Assets.xcassets */; };
		0DD130661C30D9AF0014AEB6 /* LaunchScreen.storyboard in Resources */ = {isa = PBXBuildFile; fileRef = 0DD130641C30D9AF0014AEB6 /* LaunchScreen.storyboard */; };
		0DD130711C30DA550014AEB6 /* area.plist in Resources */ = {isa = PBXBuildFile; fileRef = 0DD130701C30DA550014AEB6 /* area.plist */; };
		0DD130741C30DEDB0014AEB6 /* KJAreaPickerView.m in Sources */ = {isa = PBXBuildFile; fileRef = 0DD130731C30DEDB0014AEB6 /* KJAreaPickerView.m */; };
		0DD130761C30E0AF0014AEB6 /* KJAreaPickerView.xib in Resources */ = {isa = PBXBuildFile; fileRef = 0DD130751C30E0AF0014AEB6 /* KJAreaPickerView.xib */; };
		0DD1307B1C30F6F70014AEB6 /* KJLocation.m in Sources */ = {isa = PBXBuildFile; fileRef = 0DD1307A1C30F6F70014AEB6 /* KJLocation.m */; };
/* End PBXBuildFile section */

/* Begin PBXFileReference section */
		0DD130531C30D9AF0014AEB6 /* 1228-AreaPicker.app */ = {isa = PBXFileReference; explicitFileType = wrapper.application; includeInIndex = 0; path = "1228-AreaPicker.app"; sourceTree = BUILT_PRODUCTS_DIR; };
		0DD130571C30D9AF0014AEB6 /* main.m */ = {isa = PBXFileReference; lastKnownFileType = sourcecode.c.objc; path = main.m; sourceTree = "<group>"; };
		0DD130591C30D9AF0014AEB6 /* AppDelegate.h */ = {isa = PBXFileReference; lastKnownFileType = sourcecode.c.h; path = AppDelegate.h; sourceTree = "<group>"; };
		0DD1305A1C30D9AF0014AEB6 /* AppDelegate.m */ = {isa = PBXFileReference; lastKnownFileType = sourcecode.c.objc; path = AppDelegate.m; sourceTree = "<group>"; };
		0DD1305C1C30D9AF0014AEB6 /* ViewController.h */ = {isa = PBXFileReference; lastKnownFileType = sourcecode.c.h; path = ViewController.h; sourceTree = "<group>"; };
		0DD1305D1C30D9AF0014AEB6 /* ViewController.m */ = {isa = PBXFileReference; lastKnownFileType = sourcecode.c.objc; path = ViewController.m; sourceTree = "<group>"; };
		0DD130601C30D9AF0014AEB6 /* Base */ = {isa = PBXFileReference; lastKnownFileType = file.storyboard; name = Base; path = Base.lproj/Main.storyboard; sourceTree = "<group>"; };
		0DD130621C30D9AF0014AEB6 /* Assets.xcassets */ = {isa = PBXFileReference; lastKnownFileType = folder.assetcatalog; path = Assets.xcassets; sourceTree = "<group>"; };
		0DD130651C30D9AF0014AEB6 /* Base */ = {isa = PBXFileReference; lastKnownFileType = file.storyboard; name = Base; path = Base.lproj/LaunchScreen.storyboard; sourceTree = "<group>"; };
		0DD130671C30D9AF0014AEB6 /* Info.plist */ = {isa = PBXFileReference; lastKnownFileType = text.plist.xml; path = Info.plist; sourceTree = "<group>"; };
		0DD130701C30DA550014AEB6 /* area.plist */ = {isa = PBXFileReference; fileEncoding = 4; lastKnownFileType = text.plist.xml; path = area.plist; sourceTree = "<group>"; };
		0DD130721C30DEDB0014AEB6 /* KJAreaPickerView.h */ = {isa = PBXFileReference; fileEncoding = 4; lastKnownFileType = sourcecode.c.h; path = KJAreaPickerView.h; sourceTree = "<group>"; };
		0DD130731C30DEDB0014AEB6 /* KJAreaPickerView.m */ = {isa = PBXFileReference; fileEncoding = 4; lastKnownFileType = sourcecode.c.objc; path = KJAreaPickerView.m; sourceTree = "<group>"; };
		0DD130751C30E0AF0014AEB6 /* KJAreaPickerView.xib */ = {isa = PBXFileReference; fileEncoding = 4; lastKnownFileType = file.xib; path = KJAreaPickerView.xib; sourceTree = "<group>"; };
		0DD130791C30F6F70014AEB6 /* KJLocation.h */ = {isa = PBXFileReference; fileEncoding = 4; lastKnownFileType = sourcecode.c.h; path = KJLocation.h; sourceTree = "<group>"; };
		0DD1307A1C30F6F70014AEB6 /* KJLocation.m */ = {isa = PBXFileReference; fileEncoding = 4; lastKnownFileType = sourcecode.c.objc; path = KJLocation.m; sourceTree = "<group>"; };
/* End PBXFileReference section */

/* Begin PBXFrameworksBuildPhase section */
		0DD130501C30D9AF0014AEB6 /* Frameworks */ = {
			isa = PBXFrameworksBuildPhase;
			buildActionMask = 2147483647;
			files = (
			);
			runOnlyForDeploymentPostprocessing = 0;
		};
/* End PBXFrameworksBuildPhase section */

/* Begin PBXGroup section */
		0DD1304A1C30D9AF0014AEB6 = {
			isa = PBXGroup;
			children = (
				0DD130551C30D9AF0014AEB6 /* 1228-AreaPicker */,
				0DD130541C30D9AF0014AEB6 /* Products */,
			);
			sourceTree = "<group>";
		};
		0DD130541C30D9AF0014AEB6 /* Products */ = {
			isa = PBXGroup;
			children = (
				0DD130531C30D9AF0014AEB6 /* 1228-AreaPicker.app */,
			);
			name = Products;
			sourceTree = "<group>";
		};
		0DD130551C30D9AF0014AEB6 /* 1228-AreaPicker */ = {
			isa = PBXGroup;
			children = (
				0DD1306D1C30D9EC0014AEB6 /* AreaPicker */,
				0DD1306E1C30D9F50014AEB6 /* Others */,
				0DD1306F1C30D9FD0014AEB6 /* Controllers */,
				0DD1305F1C30D9AF0014AEB6 /* Main.storyboard */,
				0DD130561C30D9AF0014AEB6 /* Supporting Files */,
			);
			path = "1228-AreaPicker";
			sourceTree = "<group>";
		};
		0DD130561C30D9AF0014AEB6 /* Supporting Files */ = {
			isa = PBXGroup;
			children = (
				0DD130621C30D9AF0014AEB6 /* Assets.xcassets */,
				0DD130641C30D9AF0014AEB6 /* LaunchScreen.storyboard */,
				0DD130671C30D9AF0014AEB6 /* Info.plist */,
				0DD130571C30D9AF0014AEB6 /* main.m */,
			);
			name = "Supporting Files";
			sourceTree = "<group>";
		};
		0DD1306D1C30D9EC0014AEB6 /* AreaPicker */ = {
			isa = PBXGroup;
			children = (
				0DD130781C30F6D70014AEB6 /* Model */,
				0DD130771C30F6C00014AEB6 /* Views */,
				0DD130701C30DA550014AEB6 /* area.plist */,
			);
			path = AreaPicker;
			sourceTree = "<group>";
		};
		0DD1306E1C30D9F50014AEB6 /* Others */ = {
			isa = PBXGroup;
			children = (
				0DD130591C30D9AF0014AEB6 /* AppDelegate.h */,
				0DD1305A1C30D9AF0014AEB6 /* AppDelegate.m */,
			);
			name = Others;
			sourceTree = "<group>";
		};
		0DD1306F1C30D9FD0014AEB6 /* Controllers */ = {
			isa = PBXGroup;
			children = (
				0DD1305C1C30D9AF0014AEB6 /* ViewController.h */,
				0DD1305D1C30D9AF0014AEB6 /* ViewController.m */,
			);
			name = Controllers;
			sourceTree = "<group>";
		};
		0DD130771C30F6C00014AEB6 /* Views */ = {
			isa = PBXGroup;
			children = (
				0DD130721C30DEDB0014AEB6 /* KJAreaPickerView.h */,
				0DD130731C30DEDB0014AEB6 /* KJAreaPickerView.m */,
				0DD130751C30E0AF0014AEB6 /* KJAreaPickerView.xib */,
			);
			name = Views;
			sourceTree = "<group>";
		};
		0DD130781C30F6D70014AEB6 /* Model */ = {
			isa = PBXGroup;
			children = (
				0DD130791C30F6F70014AEB6 /* KJLocation.h */,
				0DD1307A1C30F6F70014AEB6 /* KJLocation.m */,
			);
			name = Model;
			sourceTree = "<group>";
		};
/* End PBXGroup section */

/* Begin PBXNativeTarget section */
		0DD130521C30D9AF0014AEB6 /* 1228-AreaPicker */ = {
			isa = PBXNativeTarget;
			buildConfigurationList = 0DD1306A1C30D9AF0014AEB6 /* Build configuration list for PBXNativeTarget "1228-AreaPicker" */;
			buildPhases = (
				0DD1304F1C30D9AF0014AEB6 /* Sources */,
				0DD130501C30D9AF0014AEB6 /* Frameworks */,
				0DD130511C30D9AF0014AEB6 /* Resources */,
			);
			buildRules = (
			);
			dependencies = (
			);
			name = "1228-AreaPicker";
			productName = "1228-AreaPicker";
			productReference = 0DD130531C30D9AF0014AEB6 /* 1228-AreaPicker.app */;
			productType = "com.apple.product-type.application";
		};
/* End PBXNativeTarget section */

/* Begin PBXProject section */
		0DD1304B1C30D9AF0014AEB6 /* Project object */ = {
			isa = PBXProject;
			attributes = {
				LastUpgradeCheck = 0720;
				ORGANIZATIONNAME = khj;
				TargetAttributes = {
					0DD130521C30D9AF0014AEB6 = {
						CreatedOnToolsVersion = 7.2;
					};
				};
			};
			buildConfigurationList = 0DD1304E1C30D9AF0014AEB6 /* Build configuration list for PBXProject "1228-AreaPicker" */;
			compatibilityVersion = "Xcode 3.2";
			developmentRegion = English;
			hasScannedForEncodings = 0;
			knownRegions = (
				en,
				Base,
			);
			mainGroup = 0DD1304A1C30D9AF0014AEB6;
			productRefGroup = 0DD130541C30D9AF0014AEB6 /* Products */;
			projectDirPath = "";
			projectRoot = "";
			targets = (
				0DD130521C30D9AF0014AEB6 /* 1228-AreaPicker */,
			);
		};
/* End PBXProject section */

/* Begin PBXResourcesBuildPhase section */
		0DD130511C30D9AF0014AEB6 /* Resources */ = {
			isa = PBXResourcesBuildPhase;
			buildActionMask = 2147483647;
			files = (
				0DD130761C30E0AF0014AEB6 /* KJAreaPickerView.xib in Resources */,
				0DD130661C30D9AF0014AEB6 /* LaunchScreen.storyboard in Resources */,
				0DD130711C30DA550014AEB6 /* area.plist in Resources */,
				0DD130631C30D9AF0014AEB6 /* Assets.xcassets in Resources */,
				0DD130611C30D9AF0014AEB6 /* Main.storyboard in Resources */,
			);
			runOnlyForDeploymentPostprocessing = 0;
		};
/* End PBXResourcesBuildPhase section */

/* Begin PBXSourcesBuildPhase section */
		0DD1304F1C30D9AF0014AEB6 /* Sources */ = {
			isa = PBXSourcesBuildPhase;
			buildActionMask = 2147483647;
			files = (
				0DD130741C30DEDB0014AEB6 /* KJAreaPickerView.m in Sources */,
				0DD1305E1C30D9AF0014AEB6 /* ViewController.m in Sources */,
				0DD1305B1C30D9AF0014AEB6 /* AppDelegate.m in Sources */,
				0DD130581C30D9AF0014AEB6 /* main.m in Sources */,
				0DD1307B1C30F6F70014AEB6 /* KJLocation.m in Sources */,
			);
			runOnlyForDeploymentPostprocessing = 0;
		};
/* End PBXSourcesBuildPhase section */

/* Begin PBXVariantGroup section */
		0DD1305F1C30D9AF0014AEB6 /* Main.storyboard */ = {
			isa = PBXVariantGroup;
			children = (
				0DD130601C30D9AF0014AEB6 /* Base */,
			);
			name = Main.storyboard;
			sourceTree = "<group>";
		};
		0DD130641C30D9AF0014AEB6 /* LaunchScreen.storyboard */ = {
			isa = PBXVariantGroup;
			children = (
				0DD130651C30D9AF0014AEB6 /* Base */,
			);
			name = LaunchScreen.storyboard;
			sourceTree = "<group>";
		};
/* End PBXVariantGroup section */

/* Begin XCBuildConfiguration section */
		0DD130681C30D9AF0014AEB6 /* Debug */ = {
			isa = XCBuildConfiguration;
			buildSettings = {
				ALWAYS_SEARCH_USER_PATHS = NO;
				CLANG_CXX_LANGUAGE_STANDARD = "gnu++0x";
				CLANG_CXX_LIBRARY = "libc++";
				CLANG_ENABLE_MODULES = YES;
				CLANG_ENABLE_OBJC_ARC = YES;
				CLANG_WARN_BOOL_CONVERSION = YES;
				CLANG_WARN_CONSTANT_CONVERSION = YES;
				CLANG_WARN_DIRECT_OBJC_ISA_USAGE = YES_ERROR;
				CLANG_WARN_EMPTY_BODY = YES;
				CLANG_WARN_ENUM_CONVERSION = YES;
				CLANG_WARN_INT_CONVERSION = YES;
				CLANG_WARN_OBJC_ROOT_CLASS = YES_ERROR;
				CLANG_WARN_UNREACHABLE_CODE = YES;
				CLANG_WARN__DUPLICATE_METHOD_MATCH = YES;
				"CODE_SIGN_IDENTITY[sdk=iphoneos*]" = "iPhone Developer";
				COPY_PHASE_STRIP = NO;
				DEBUG_INFORMATION_FORMAT = dwarf;
				ENABLE_STRICT_OBJC_MSGSEND = YES;
				ENABLE_TESTABILITY = YES;
				GCC_C_LANGUAGE_STANDARD = gnu99;
				GCC_DYNAMIC_NO_PIC = NO;
				GCC_NO_COMMON_BLOCKS = YES;
				GCC_OPTIMIZATION_LEVEL = 0;
				GCC_PREPROCESSOR_DEFINITIONS = (
					"DEBUG=1",
					"$(inherited)",
				);
				GCC_WARN_64_TO_32_BIT_CONVERSION = YES;
				GCC_WARN_ABOUT_RETURN_TYPE = YES_ERROR;
				GCC_WARN_UNDECLARED_SELECTOR = YES;
				GCC_WARN_UNINITIALIZED_AUTOS = YES_AGGRESSIVE;
				GCC_WARN_UNUSED_FUNCTION = YES;
				GCC_WARN_UNUSED_VARIABLE = YES;
				IPHONEOS_DEPLOYMENT_TARGET = 9.2;
				MTL_ENABLE_DEBUG_INFO = YES;
				ONLY_ACTIVE_ARCH = YES;
				SDKROOT = iphoneos;
			};
			name = Debug;
		};
		0DD130691C30D9AF0014AEB6 /* Release */ = {
			isa = XCBuildConfiguration;
			buildSettings = {
				ALWAYS_SEARCH_USER_PATHS = NO;
				CLANG_CXX_LANGUAGE_STANDARD = "gnu++0x";
				CLANG_CXX_LIBRARY = "libc++";
				CLANG_ENABLE_MODULES = YES;
				CLANG_ENABLE_OBJC_ARC = YES;
				CLANG_WARN_BOOL_CONVERSION = YES;
				CLANG_WARN_CONSTANT_CONVERSION = YES;
				CLANG_WARN_DIRECT_OBJC_ISA_USAGE = YES_ERROR;
				CLANG_WARN_EMPTY_BODY = YES;
				CLANG_WARN_ENUM_CONVERSION = YES;
				CLANG_WARN_INT_CONVERSION = YES;
				CLANG_WARN_OBJC_ROOT_CLASS = YES_ERROR;
				CLANG_WARN_UNREACHABLE_CODE = YES;
				CLANG_WARN__DUPLICATE_METHOD_MATCH = YES;
				"CODE_SIGN_IDENTITY[sdk=iphoneos*]" = "iPhone Developer";
				COPY_PHASE_STRIP = NO;
				DEBUG_INFORMATION_FORMAT = "dwarf-with-dsym";
				ENABLE_NS_ASSERTIONS = NO;
				ENABLE_STRICT_OBJC_MSGSEND = YES;
				GCC_C_LANGUAGE_STANDARD = gnu99;
				GCC_NO_COMMON_BLOCKS = YES;
				GCC_WARN_64_TO_32_BIT_CONVERSION = YES;
				GCC_WARN_ABOUT_RETURN_TYPE = YES_ERROR;
				GCC_WARN_UNDECLARED_SELECTOR = YES;
				GCC_WARN_UNINITIALIZED_AUTOS = YES_AGGRESSIVE;
				GCC_WARN_UNUSED_FUNCTION = YES;
				GCC_WARN_UNUSED_VARIABLE = YES;
				IPHONEOS_DEPLOYMENT_TARGET = 9.2;
				MTL_ENABLE_DEBUG_INFO = NO;
				SDKROOT = iphoneos;
				VALIDATE_PRODUCT = YES;
			};
			name = Release;
		};
		0DD1306B1C30D9AF0014AEB6 /* Debug */ = {
			isa = XCBuildConfiguration;
			buildSettings = {
				ASSETCATALOG_COMPILER_APPICON_NAME = AppIcon;
				INFOPLIST_FILE = "1228-AreaPicker/Info.plist";
				LD_RUNPATH_SEARCH_PATHS = "$(inherited) @executable_path/Frameworks";
				PRODUCT_BUNDLE_IDENTIFIER = "com.khj.-228-AreaPicker";
				PRODUCT_NAME = "$(TARGET_NAME)";
			};
			name = Debug;
		};
		0DD1306C1C30D9AF0014AEB6 /* Release */ = {
			isa = XCBuildConfiguration;
			buildSettings = {
				ASSETCATALOG_COMPILER_APPICON_NAME = AppIcon;
				INFOPLIST_FILE = "1228-AreaPicker/Info.plist";
				LD_RUNPATH_SEARCH_PATHS = "$(inherited) @executable_path/Frameworks";
				PRODUCT_BUNDLE_IDENTIFIER = "com.khj.-228-AreaPicker";
				PRODUCT_NAME = "$(TARGET_NAME)";
			};
			name = Release;
		};
/* End XCBuildConfiguration section */

/* Begin XCConfigurationList section */
		0DD1304E1C30D9AF0014AEB6 /* Build configuration list for PBXProject "1228-AreaPicker" */ = {
			isa = XCConfigurationList;
			buildConfigurations = (
				0DD130681C30D9AF0014AEB6 /* Debug */,
				0DD130691C30D9AF0014AEB6 /* Release */,
			);
			defaultConfigurationIsVisible = 0;
			defaultConfigurationName = Release;
		};
		0DD1306A1C30D9AF0014AEB6 /* Build configuration list for PBXNativeTarget "1228-AreaPicker" */ = {
			isa = XCConfigurationList;
			buildConfigurations = (
				0DD1306B1C30D9AF0014AEB6 /* Debug */,
				0DD1306C1C30D9AF0014AEB6 /* Release */,
			);
			defaultConfigurationIsVisible = 0;
			defaultConfigurationName = Release;
		};
/* End XCConfigurationList section */
	};
	rootObject = 0DD1304B1C30D9AF0014AEB6 /* Project object */;
}
